
Microsoft Visual Studio Solution File, Format Version 12.00
# Visual Studio Version 16
VisualStudioVersion = 16.0.29519.181
MinimumVisualStudioVersion = 10.0.40219.1
Project("{9A19103F-16F7-4668-BE54-9A1E7A4F7556}") = "Second_code", "Second_code\Second_code.csproj", "{75AE4ED5-50B7-46A6-A122-0F72D10B01CF}"
EndProject
Project("{9A19103F-16F7-4668-BE54-9A1E7A4F7556}") = "Fourth_code", "Fourth_code\Fourth_code.csproj", "{353BB3F8-B56E-405D-9EB8-651486927578}"
EndProject
Project("{9A19103F-16F7-4668-BE54-9A1E7A4F7556}") = "Fifth_code", "Fifth_code\Fifth_code.csproj", "{464A06EF-AF97-4213-9B6E-F98D326B1E87}"
EndProject
Project("{9A19103F-16F7-4668-BE54-9A1E7A4F7556}") = "IsPalindrome", "IsPalindrome\IsPalindrome.csproj", "{93B4851E-4727-4910-BC0B-41FCEF242B70}"
EndProject
Project("{FAE04EC0-301F-11D3-BF4B-00C04F79EFBC}") = "MasWithSpaces", "MasWithSpaces\MasWithSpaces.csproj", "{E55F91D7-B909-4DD0-8DD2-5DAED89CEE42}"
EndProject
Global
	GlobalSection(SolutionConfigurationPlatforms) = preSolution
		Debug|Any CPU = Debug|Any CPU
		Release|Any CPU = Release|Any CPU
	EndGlobalSection
	GlobalSection(ProjectConfigurationPlatforms) = postSolution
		{75AE4ED5-50B7-46A6-A122-0F72D10B01CF}.Debug|Any CPU.ActiveCfg = Debug|Any CPU
		{75AE4ED5-50B7-46A6-A122-0F72D10B01CF}.Debug|Any CPU.Build.0 = Debug|Any CPU
		{75AE4ED5-50B7-46A6-A122-0F72D10B01CF}.Release|Any CPU.ActiveCfg = Release|Any CPU
		{75AE4ED5-50B7-46A6-A122-0F72D10B01CF}.Release|Any CPU.Build.0 = Release|Any CPU
		{353BB3F8-B56E-405D-9EB8-651486927578}.Debug|Any CPU.ActiveCfg = Debug|Any CPU
		{353BB3F8-B56E-405D-9EB8-651486927578}.Debug|Any CPU.Build.0 = Debug|Any CPU
		{353BB3F8-B56E-405D-9EB8-651486927578}.Release|Any CPU.ActiveCfg = Release|Any CPU
		{353BB3F8-B56E-405D-9EB8-651486927578}.Release|Any CPU.Build.0 = Release|Any CPU
		{464A06EF-AF97-4213-9B6E-F98D326B1E87}.Debug|Any CPU.ActiveCfg = Debug|Any CPU
		{464A06EF-AF97-4213-9B6E-F98D326B1E87}.Debug|Any CPU.Build.0 = Debug|Any CPU
		{464A06EF-AF97-4213-9B6E-F98D326B1E87}.Release|Any CPU.ActiveCfg = Release|Any CPU
		{464A06EF-AF97-4213-9B6E-F98D326B1E87}.Release|Any CPU.Build.0 = Release|Any CPU
		{93B4851E-4727-4910-BC0B-41FCEF242B70}.Debug|Any CPU.ActiveCfg = Debug|Any CPU
		{93B4851E-4727-4910-BC0B-41FCEF242B70}.Debug|Any CPU.Build.0 = Debug|Any CPU
		{93B4851E-4727-4910-BC0B-41FCEF242B70}.Release|Any CPU.ActiveCfg = Release|Any CPU
		{93B4851E-4727-4910-BC0B-41FCEF242B70}.Release|Any CPU.Build.0 = Release|Any CPU
		{E55F91D7-B909-4DD0-8DD2-5DAED89CEE42}.Debug|Any CPU.ActiveCfg = Debug|Any CPU
		{E55F91D7-B909-4DD0-8DD2-5DAED89CEE42}.Debug|Any CPU.Build.0 = Debug|Any CPU
		{E55F91D7-B909-4DD0-8DD2-5DAED89CEE42}.Release|Any CPU.ActiveCfg = Release|Any CPU
		{E55F91D7-B909-4DD0-8DD2-5DAED89CEE42}.Release|Any CPU.Build.0 = Release|Any CPU
	EndGlobalSection
	GlobalSection(SolutionProperties) = preSolution
		HideSolutionNode = FALSE
	EndGlobalSection
	GlobalSection(ExtensibilityGlobals) = postSolution
		SolutionGuid = {730E2423-C09D-49E1-95B4-10A92D340AB2}
	EndGlobalSection
EndGlobal
